// !$*UTF8*$!
{
	archiveVersion = 1;
	classes = {
	};
	objectVersion = 48;
	objects = {

/* Begin PBXBuildFile section */
		22801B3A2035B0F100D4C2D2 /* LocationMocks.swift in Sources */ = {isa = PBXBuildFile; fileRef = 22801B392035B0F100D4C2D2 /* LocationMocks.swift */; };
		22801B3C2035B1E000D4C2D2 /* LocationProvidable.swift in Sources */ = {isa = PBXBuildFile; fileRef = 22801B3B2035B1E000D4C2D2 /* LocationProvidable.swift */; };
		22801B3E2035B20100D4C2D2 /* LocationManagerConfigurable.swift in Sources */ = {isa = PBXBuildFile; fileRef = 22801B3D2035B20100D4C2D2 /* LocationManagerConfigurable.swift */; };
		22801B412035B25500D4C2D2 /* CLLocationManagerExtension.swift in Sources */ = {isa = PBXBuildFile; fileRef = 22801B402035B25500D4C2D2 /* CLLocationManagerExtension.swift */; };
		22801B552035BEC400D4C2D2 /* LaunchScreen.storyboard in Resources */ = {isa = PBXBuildFile; fileRef = 22801B532035BEC400D4C2D2 /* LaunchScreen.storyboard */; };
		22801B562035BEC400D4C2D2 /* Main.storyboard in Resources */ = {isa = PBXBuildFile; fileRef = 22801B542035BEC400D4C2D2 /* Main.storyboard */; };
		22801B5A2035E07800D4C2D2 /* ApiResourceProviding.swift in Sources */ = {isa = PBXBuildFile; fileRef = 22801B592035E07800D4C2D2 /* ApiResourceProviding.swift */; };
		22801B5C2035E10C00D4C2D2 /* NetworkRequestProviding.swift in Sources */ = {isa = PBXBuildFile; fileRef = 22801B5B2035E10B00D4C2D2 /* NetworkRequestProviding.swift */; };
		22801B5E2035E40A00D4C2D2 /* AmentityResource.swift in Sources */ = {isa = PBXBuildFile; fileRef = 22801B5D2035E40A00D4C2D2 /* AmentityResource.swift */; };
		22801B602035E48200D4C2D2 /* AmenityRequest.swift in Sources */ = {isa = PBXBuildFile; fileRef = 22801B5F2035E48200D4C2D2 /* AmenityRequest.swift */; };
		22801B632035E4EB00D4C2D2 /* RawOSMData.swift in Sources */ = {isa = PBXBuildFile; fileRef = 22801B622035E4EB00D4C2D2 /* RawOSMData.swift */; };
		22801B652035E59300D4C2D2 /* NetworkReqeustProvidingExtension.swift in Sources */ = {isa = PBXBuildFile; fileRef = 22801B642035E59300D4C2D2 /* NetworkReqeustProvidingExtension.swift */; };
		22801B672036209C00D4C2D2 /* Location.swift in Sources */ = {isa = PBXBuildFile; fileRef = 22801B662036209C00D4C2D2 /* Location.swift */; };
		22801B692036D9D700D4C2D2 /* AmenityMocks.swift in Sources */ = {isa = PBXBuildFile; fileRef = 22801B682036D9D700D4C2D2 /* AmenityMocks.swift */; };
		22801B6B2036DF8300D4C2D2 /* RxSwift.framework in Frameworks */ = {isa = PBXBuildFile; fileRef = 22801B6A2036DF8300D4C2D2 /* RxSwift.framework */; };
		22801B6D2036DFA100D4C2D2 /* RxCocoa.framework in Frameworks */ = {isa = PBXBuildFile; fileRef = 22801B6C2036DFA100D4C2D2 /* RxCocoa.framework */; };
		22801B6F2036DFB000D4C2D2 /* RxCocoa.framework in CopyFiles */ = {isa = PBXBuildFile; fileRef = 22801B6C2036DFA100D4C2D2 /* RxCocoa.framework */; settings = {ATTRIBUTES = (CodeSignOnCopy, RemoveHeadersOnCopy, ); }; };
		22801B702036DFB000D4C2D2 /* RxSwift.framework in CopyFiles */ = {isa = PBXBuildFile; fileRef = 22801B6A2036DF8300D4C2D2 /* RxSwift.framework */; settings = {ATTRIBUTES = (CodeSignOnCopy, RemoveHeadersOnCopy, ); }; };
		22801B732036DFC800D4C2D2 /* RxTest.framework in Frameworks */ = {isa = PBXBuildFile; fileRef = 22801B712036DFC800D4C2D2 /* RxTest.framework */; };
		22801B742036DFC800D4C2D2 /* RxBlocking.framework in Frameworks */ = {isa = PBXBuildFile; fileRef = 22801B722036DFC800D4C2D2 /* RxBlocking.framework */; };
		22801B752036DFD600D4C2D2 /* RxBlocking.framework in CopyFiles */ = {isa = PBXBuildFile; fileRef = 22801B722036DFC800D4C2D2 /* RxBlocking.framework */; settings = {ATTRIBUTES = (CodeSignOnCopy, RemoveHeadersOnCopy, ); }; };
		22801B762036DFD600D4C2D2 /* RxTest.framework in CopyFiles */ = {isa = PBXBuildFile; fileRef = 22801B712036DFC800D4C2D2 /* RxTest.framework */; settings = {ATTRIBUTES = (CodeSignOnCopy, RemoveHeadersOnCopy, ); }; };
		229B3291203455CA0098E456 /* AppDelegate.swift in Sources */ = {isa = PBXBuildFile; fileRef = 229B3290203455CA0098E456 /* AppDelegate.swift */; };
		229B3293203455CA0098E456 /* ViewController.swift in Sources */ = {isa = PBXBuildFile; fileRef = 229B3292203455CA0098E456 /* ViewController.swift */; };
		229B3298203455CA0098E456 /* Assets.xcassets in Resources */ = {isa = PBXBuildFile; fileRef = 229B3297203455CA0098E456 /* Assets.xcassets */; };
		229B32B3203457AC0098E456 /* Nimble.framework in Frameworks */ = {isa = PBXBuildFile; fileRef = 229B32B1203457AC0098E456 /* Nimble.framework */; };
		229B32B4203457AC0098E456 /* Quick.framework in Frameworks */ = {isa = PBXBuildFile; fileRef = 229B32B2203457AC0098E456 /* Quick.framework */; };
		229B32B6203457CE0098E456 /* Nimble.framework in CopyFiles */ = {isa = PBXBuildFile; fileRef = 229B32B1203457AC0098E456 /* Nimble.framework */; settings = {ATTRIBUTES = (CodeSignOnCopy, RemoveHeadersOnCopy, ); }; };
		229B32B7203457CE0098E456 /* Quick.framework in CopyFiles */ = {isa = PBXBuildFile; fileRef = 229B32B2203457AC0098E456 /* Quick.framework */; settings = {ATTRIBUTES = (CodeSignOnCopy, RemoveHeadersOnCopy, ); }; };
		229B32BA203459660098E456 /* AmenityViewModel.swift in Sources */ = {isa = PBXBuildFile; fileRef = 229B32B9203459660098E456 /* AmenityViewModel.swift */; };
		229B32BC203460AE0098E456 /* LocationProvider.swift in Sources */ = {isa = PBXBuildFile; fileRef = 229B32BB203460AE0098E456 /* LocationProvider.swift */; };
		22D1387A203862950077E457 /* OHHTTPStubs.framework in Frameworks */ = {isa = PBXBuildFile; fileRef = 22D13879203862940077E457 /* OHHTTPStubs.framework */; };
		22D1387B2038629C0077E457 /* OHHTTPStubs.framework in CopyFiles */ = {isa = PBXBuildFile; fileRef = 22D13879203862940077E457 /* OHHTTPStubs.framework */; settings = {ATTRIBUTES = (CodeSignOnCopy, RemoveHeadersOnCopy, ); }; };
		22D1387D20386A2A0077E457 /* ApiClientTests.swift in Sources */ = {isa = PBXBuildFile; fileRef = 22D1387C20386A2A0077E457 /* ApiClientTests.swift */; };
		22D1387F20386D3D0077E457 /* stubbedRepsonse.json in Resources */ = {isa = PBXBuildFile; fileRef = 22D1387E20386D3D0077E457 /* stubbedRepsonse.json */; };
		22D1388120388D8E0077E457 /* AmenityRequestTests.swift in Sources */ = {isa = PBXBuildFile; fileRef = 22D1388020388D8E0077E457 /* AmenityRequestTests.swift */; };
		22D13882203A19450077E457 /* AmenityRequest.swift in Sources */ = {isa = PBXBuildFile; fileRef = 22801B5F2035E48200D4C2D2 /* AmenityRequest.swift */; };
		22D13883203A19FE0077E457 /* LocationProvider.swift in Sources */ = {isa = PBXBuildFile; fileRef = 229B32BB203460AE0098E456 /* LocationProvider.swift */; };
		22D13884203A19FE0077E457 /* AmentityResource.swift in Sources */ = {isa = PBXBuildFile; fileRef = 22801B5D2035E40A00D4C2D2 /* AmentityResource.swift */; };
		22D13885203A1A040077E457 /* CLLocationManagerExtension.swift in Sources */ = {isa = PBXBuildFile; fileRef = 22801B402035B25500D4C2D2 /* CLLocationManagerExtension.swift */; };
		22D13886203A1A040077E457 /* NetworkReqeustProvidingExtension.swift in Sources */ = {isa = PBXBuildFile; fileRef = 22801B642035E59300D4C2D2 /* NetworkReqeustProvidingExtension.swift */; };
		22D13887203A1A040077E457 /* LocationProvidable.swift in Sources */ = {isa = PBXBuildFile; fileRef = 22801B3B2035B1E000D4C2D2 /* LocationProvidable.swift */; };
		22D13888203A1A040077E457 /* LocationManagerConfigurable.swift in Sources */ = {isa = PBXBuildFile; fileRef = 22801B3D2035B20100D4C2D2 /* LocationManagerConfigurable.swift */; };
		22D13889203A1A040077E457 /* NetworkRequestProviding.swift in Sources */ = {isa = PBXBuildFile; fileRef = 22801B5B2035E10B00D4C2D2 /* NetworkRequestProviding.swift */; };
		22D1388A203A1A040077E457 /* ApiResourceProviding.swift in Sources */ = {isa = PBXBuildFile; fileRef = 22801B592035E07800D4C2D2 /* ApiResourceProviding.swift */; };
		22D1388B203A1A080077E457 /* RawOSMData.swift in Sources */ = {isa = PBXBuildFile; fileRef = 22801B622035E4EB00D4C2D2 /* RawOSMData.swift */; };
		22D1388C203A1A080077E457 /* Location.swift in Sources */ = {isa = PBXBuildFile; fileRef = 22801B662036209C00D4C2D2 /* Location.swift */; };
		22D1388D203A1A2A0077E457 /* AmenityViewModel.swift in Sources */ = {isa = PBXBuildFile; fileRef = 229B32B9203459660098E456 /* AmenityViewModel.swift */; };
		22D1388E203A1B3E0077E457 /* RxSwift.framework in Frameworks */ = {isa = PBXBuildFile; fileRef = 22801B6A2036DF8300D4C2D2 /* RxSwift.framework */; };
		22D1388F203A1B4A0077E457 /* RxSwift.framework in CopyFiles */ = {isa = PBXBuildFile; fileRef = 22801B6A2036DF8300D4C2D2 /* RxSwift.framework */; settings = {ATTRIBUTES = (CodeSignOnCopy, RemoveHeadersOnCopy, ); }; };
		22D13890203AD0D30077E457 /* OpenStreetAmenitiesTests.swift in Sources */ = {isa = PBXBuildFile; fileRef = 229B32A5203455CA0098E456 /* OpenStreetAmenitiesTests.swift */; };
/* End PBXBuildFile section */

/* Begin PBXContainerItemProxy section */
		229B32A2203455CA0098E456 /* PBXContainerItemProxy */ = {
			isa = PBXContainerItemProxy;
			containerPortal = 229B3285203455C90098E456 /* Project object */;
			proxyType = 1;
			remoteGlobalIDString = 229B328C203455CA0098E456;
			remoteInfo = OpenStreetAmenities;
		};
/* End PBXContainerItemProxy section */

/* Begin PBXCopyFilesBuildPhase section */
		22801B6E2036DFA700D4C2D2 /* CopyFiles */ = {
			isa = PBXCopyFilesBuildPhase;
			buildActionMask = 2147483647;
			dstPath = "";
			dstSubfolderSpec = 10;
			files = (
				22801B6F2036DFB000D4C2D2 /* RxCocoa.framework in CopyFiles */,
				22801B702036DFB000D4C2D2 /* RxSwift.framework in CopyFiles */,
			);
			runOnlyForDeploymentPostprocessing = 0;
		};
		229B32B5203457C50098E456 /* CopyFiles */ = {
			isa = PBXCopyFilesBuildPhase;
			buildActionMask = 2147483647;
			dstPath = "";
			dstSubfolderSpec = 10;
			files = (
				22D1388F203A1B4A0077E457 /* RxSwift.framework in CopyFiles */,
				22D1387B2038629C0077E457 /* OHHTTPStubs.framework in CopyFiles */,
				22801B752036DFD600D4C2D2 /* RxBlocking.framework in CopyFiles */,
				22801B762036DFD600D4C2D2 /* RxTest.framework in CopyFiles */,
				229B32B6203457CE0098E456 /* Nimble.framework in CopyFiles */,
				229B32B7203457CE0098E456 /* Quick.framework in CopyFiles */,
			);
			runOnlyForDeploymentPostprocessing = 0;
		};
/* End PBXCopyFilesBuildPhase section */

/* Begin PBXFileReference section */
		22801B392035B0F100D4C2D2 /* LocationMocks.swift */ = {isa = PBXFileReference; lastKnownFileType = sourcecode.swift; path = LocationMocks.swift; sourceTree = "<group>"; };
		22801B3B2035B1E000D4C2D2 /* LocationProvidable.swift */ = {isa = PBXFileReference; lastKnownFileType = sourcecode.swift; path = LocationProvidable.swift; sourceTree = "<group>"; };
		22801B3D2035B20100D4C2D2 /* LocationManagerConfigurable.swift */ = {isa = PBXFileReference; lastKnownFileType = sourcecode.swift; path = LocationManagerConfigurable.swift; sourceTree = "<group>"; };
		22801B402035B25500D4C2D2 /* CLLocationManagerExtension.swift */ = {isa = PBXFileReference; lastKnownFileType = sourcecode.swift; path = CLLocationManagerExtension.swift; sourceTree = "<group>"; };
		22801B532035BEC400D4C2D2 /* LaunchScreen.storyboard */ = {isa = PBXFileReference; fileEncoding = 4; lastKnownFileType = file.storyboard; path = LaunchScreen.storyboard; sourceTree = "<group>"; };
		22801B542035BEC400D4C2D2 /* Main.storyboard */ = {isa = PBXFileReference; fileEncoding = 4; lastKnownFileType = file.storyboard; path = Main.storyboard; sourceTree = "<group>"; };
		22801B592035E07800D4C2D2 /* ApiResourceProviding.swift */ = {isa = PBXFileReference; lastKnownFileType = sourcecode.swift; path = ApiResourceProviding.swift; sourceTree = "<group>"; };
		22801B5B2035E10B00D4C2D2 /* NetworkRequestProviding.swift */ = {isa = PBXFileReference; fileEncoding = 4; lastKnownFileType = sourcecode.swift; path = NetworkRequestProviding.swift; sourceTree = "<group>"; };
		22801B5D2035E40A00D4C2D2 /* AmentityResource.swift */ = {isa = PBXFileReference; lastKnownFileType = sourcecode.swift; path = AmentityResource.swift; sourceTree = "<group>"; };
		22801B5F2035E48200D4C2D2 /* AmenityRequest.swift */ = {isa = PBXFileReference; lastKnownFileType = sourcecode.swift; path = AmenityRequest.swift; sourceTree = "<group>"; };
		22801B622035E4EB00D4C2D2 /* RawOSMData.swift */ = {isa = PBXFileReference; lastKnownFileType = sourcecode.swift; path = RawOSMData.swift; sourceTree = "<group>"; };
		22801B642035E59300D4C2D2 /* NetworkReqeustProvidingExtension.swift */ = {isa = PBXFileReference; lastKnownFileType = sourcecode.swift; path = NetworkReqeustProvidingExtension.swift; sourceTree = "<group>"; };
		22801B662036209C00D4C2D2 /* Location.swift */ = {isa = PBXFileReference; lastKnownFileType = sourcecode.swift; path = Location.swift; sourceTree = "<group>"; };
		22801B682036D9D700D4C2D2 /* AmenityMocks.swift */ = {isa = PBXFileReference; lastKnownFileType = sourcecode.swift; path = AmenityMocks.swift; sourceTree = "<group>"; };
		22801B6A2036DF8300D4C2D2 /* RxSwift.framework */ = {isa = PBXFileReference; lastKnownFileType = wrapper.framework; name = RxSwift.framework; path = Carthage/Build/iOS/RxSwift.framework; sourceTree = "<group>"; };
		22801B6C2036DFA100D4C2D2 /* RxCocoa.framework */ = {isa = PBXFileReference; lastKnownFileType = wrapper.framework; name = RxCocoa.framework; path = Carthage/Build/iOS/RxCocoa.framework; sourceTree = "<group>"; };
		22801B712036DFC800D4C2D2 /* RxTest.framework */ = {isa = PBXFileReference; lastKnownFileType = wrapper.framework; name = RxTest.framework; path = Carthage/Build/iOS/RxTest.framework; sourceTree = "<group>"; };
		22801B722036DFC800D4C2D2 /* RxBlocking.framework */ = {isa = PBXFileReference; lastKnownFileType = wrapper.framework; name = RxBlocking.framework; path = Carthage/Build/iOS/RxBlocking.framework; sourceTree = "<group>"; };
		229B328D203455CA0098E456 /* OpenStreetAmenities.app */ = {isa = PBXFileReference; explicitFileType = wrapper.application; includeInIndex = 0; path = OpenStreetAmenities.app; sourceTree = BUILT_PRODUCTS_DIR; };
		229B3290203455CA0098E456 /* AppDelegate.swift */ = {isa = PBXFileReference; lastKnownFileType = sourcecode.swift; path = AppDelegate.swift; sourceTree = "<group>"; };
		229B3292203455CA0098E456 /* ViewController.swift */ = {isa = PBXFileReference; lastKnownFileType = sourcecode.swift; path = ViewController.swift; sourceTree = "<group>"; };
		229B3297203455CA0098E456 /* Assets.xcassets */ = {isa = PBXFileReference; lastKnownFileType = folder.assetcatalog; path = Assets.xcassets; sourceTree = "<group>"; };
		229B329C203455CA0098E456 /* Info.plist */ = {isa = PBXFileReference; lastKnownFileType = text.plist.xml; path = Info.plist; sourceTree = "<group>"; };
		229B32A1203455CA0098E456 /* OpenStreetAmenitiesTests.xctest */ = {isa = PBXFileReference; explicitFileType = wrapper.cfbundle; includeInIndex = 0; path = OpenStreetAmenitiesTests.xctest; sourceTree = BUILT_PRODUCTS_DIR; };
		229B32A5203455CA0098E456 /* OpenStreetAmenitiesTests.swift */ = {isa = PBXFileReference; lastKnownFileType = sourcecode.swift; path = OpenStreetAmenitiesTests.swift; sourceTree = "<group>"; };
		229B32A7203455CA0098E456 /* Info.plist */ = {isa = PBXFileReference; lastKnownFileType = text.plist.xml; path = Info.plist; sourceTree = "<group>"; };
		229B32B1203457AC0098E456 /* Nimble.framework */ = {isa = PBXFileReference; lastKnownFileType = wrapper.framework; name = Nimble.framework; path = Carthage/Build/iOS/Nimble.framework; sourceTree = "<group>"; };
		229B32B2203457AC0098E456 /* Quick.framework */ = {isa = PBXFileReference; lastKnownFileType = wrapper.framework; name = Quick.framework; path = Carthage/Build/iOS/Quick.framework; sourceTree = "<group>"; };
		229B32B9203459660098E456 /* AmenityViewModel.swift */ = {isa = PBXFileReference; lastKnownFileType = sourcecode.swift; path = AmenityViewModel.swift; sourceTree = "<group>"; };
		229B32BB203460AE0098E456 /* LocationProvider.swift */ = {isa = PBXFileReference; lastKnownFileType = sourcecode.swift; path = LocationProvider.swift; sourceTree = "<group>"; };
		22D13879203862940077E457 /* OHHTTPStubs.framework */ = {isa = PBXFileReference; lastKnownFileType = wrapper.framework; name = OHHTTPStubs.framework; path = Carthage/Build/iOS/OHHTTPStubs.framework; sourceTree = "<group>"; };
		22D1387C20386A2A0077E457 /* ApiClientTests.swift */ = {isa = PBXFileReference; lastKnownFileType = sourcecode.swift; path = ApiClientTests.swift; sourceTree = "<group>"; };
		22D1387E20386D3D0077E457 /* stubbedRepsonse.json */ = {isa = PBXFileReference; fileEncoding = 4; lastKnownFileType = text.json; path = stubbedRepsonse.json; sourceTree = "<group>"; };
		22D1388020388D8E0077E457 /* AmenityRequestTests.swift */ = {isa = PBXFileReference; lastKnownFileType = sourcecode.swift; path = AmenityRequestTests.swift; sourceTree = "<group>"; };
/* End PBXFileReference section */

/* Begin PBXFrameworksBuildPhase section */
		229B328A203455CA0098E456 /* Frameworks */ = {
			isa = PBXFrameworksBuildPhase;
			buildActionMask = 2147483647;
			files = (
				22801B6D2036DFA100D4C2D2 /* RxCocoa.framework in Frameworks */,
				22801B6B2036DF8300D4C2D2 /* RxSwift.framework in Frameworks */,
			);
			runOnlyForDeploymentPostprocessing = 0;
		};
		229B329E203455CA0098E456 /* Frameworks */ = {
			isa = PBXFrameworksBuildPhase;
			buildActionMask = 2147483647;
			files = (
				22D1388E203A1B3E0077E457 /* RxSwift.framework in Frameworks */,
				22D1387A203862950077E457 /* OHHTTPStubs.framework in Frameworks */,
				22801B732036DFC800D4C2D2 /* RxTest.framework in Frameworks */,
				22801B742036DFC800D4C2D2 /* RxBlocking.framework in Frameworks */,
				229B32B3203457AC0098E456 /* Nimble.framework in Frameworks */,
				229B32B4203457AC0098E456 /* Quick.framework in Frameworks */,
			);
			runOnlyForDeploymentPostprocessing = 0;
		};
/* End PBXFrameworksBuildPhase section */

/* Begin PBXGroup section */
		22801B382035B0E200D4C2D2 /* Mocks */ = {
			isa = PBXGroup;
			children = (
				22801B392035B0F100D4C2D2 /* LocationMocks.swift */,
				22801B682036D9D700D4C2D2 /* AmenityMocks.swift */,
			);
			name = Mocks;
			sourceTree = "<group>";
		};
		22801B462035BA1800D4C2D2 /* Resources */ = {
			isa = PBXGroup;
			children = (
				229B3297203455CA0098E456 /* Assets.xcassets */,
				229B329C203455CA0098E456 /* Info.plist */,
			);
			name = Resources;
			sourceTree = "<group>";
		};
		22801B4C2035BB9F00D4C2D2 /* Protocols */ = {
			isa = PBXGroup;
			children = (
				22801B4E2035BBC100D4C2D2 /* Implementations */,
				22801B4D2035BBB900D4C2D2 /* Extensions */,
				22801B3B2035B1E000D4C2D2 /* LocationProvidable.swift */,
				22801B3D2035B20100D4C2D2 /* LocationManagerConfigurable.swift */,
				22801B5B2035E10B00D4C2D2 /* NetworkRequestProviding.swift */,
				22801B592035E07800D4C2D2 /* ApiResourceProviding.swift */,
			);
			path = Protocols;
			sourceTree = "<group>";
		};
		22801B4D2035BBB900D4C2D2 /* Extensions */ = {
			isa = PBXGroup;
			children = (
				22801B402035B25500D4C2D2 /* CLLocationManagerExtension.swift */,
				22801B642035E59300D4C2D2 /* NetworkReqeustProvidingExtension.swift */,
			);
			path = Extensions;
			sourceTree = "<group>";
		};
		22801B4E2035BBC100D4C2D2 /* Implementations */ = {
			isa = PBXGroup;
			children = (
				229B32BB203460AE0098E456 /* LocationProvider.swift */,
				22801B5D2035E40A00D4C2D2 /* AmentityResource.swift */,
				22801B5F2035E48200D4C2D2 /* AmenityRequest.swift */,
			);
			path = Implementations;
			sourceTree = "<group>";
		};
		22801B502035BE1800D4C2D2 /* ViewModels */ = {
			isa = PBXGroup;
			children = (
				229B32B9203459660098E456 /* AmenityViewModel.swift */,
			);
			path = ViewModels;
			sourceTree = "<group>";
		};
		22801B512035BE2800D4C2D2 /* ViewControllers */ = {
			isa = PBXGroup;
			children = (
				229B3292203455CA0098E456 /* ViewController.swift */,
			);
			path = ViewControllers;
			sourceTree = "<group>";
		};
		22801B612035E4D500D4C2D2 /* Models */ = {
			isa = PBXGroup;
			children = (
				22801B622035E4EB00D4C2D2 /* RawOSMData.swift */,
				22801B662036209C00D4C2D2 /* Location.swift */,
			);
			path = Models;
			sourceTree = "<group>";
		};
		229B3284203455C90098E456 = {
			isa = PBXGroup;
			children = (
				229B328F203455CA0098E456 /* OpenStreetAmenities */,
				229B32A4203455CA0098E456 /* OpenStreetAmenitiesTests */,
				229B328E203455CA0098E456 /* Products */,
				229B32B0203457AC0098E456 /* Frameworks */,
			);
			sourceTree = "<group>";
		};
		229B328E203455CA0098E456 /* Products */ = {
			isa = PBXGroup;
			children = (
				229B328D203455CA0098E456 /* OpenStreetAmenities.app */,
				229B32A1203455CA0098E456 /* OpenStreetAmenitiesTests.xctest */,
			);
			name = Products;
			sourceTree = "<group>";
		};
		229B328F203455CA0098E456 /* OpenStreetAmenities */ = {
			isa = PBXGroup;
			children = (
				22801B612035E4D500D4C2D2 /* Models */,
				22801B532035BEC400D4C2D2 /* LaunchScreen.storyboard */,
				22801B542035BEC400D4C2D2 /* Main.storyboard */,
				229B3290203455CA0098E456 /* AppDelegate.swift */,
				22801B502035BE1800D4C2D2 /* ViewModels */,
				22801B4C2035BB9F00D4C2D2 /* Protocols */,
				22801B462035BA1800D4C2D2 /* Resources */,
				22801B512035BE2800D4C2D2 /* ViewControllers */,
			);
			path = OpenStreetAmenities;
			sourceTree = "<group>";
		};
		229B32A4203455CA0098E456 /* OpenStreetAmenitiesTests */ = {
			isa = PBXGroup;
			children = (
				22D1387E20386D3D0077E457 /* stubbedRepsonse.json */,
				22801B382035B0E200D4C2D2 /* Mocks */,
				229B32A5203455CA0098E456 /* OpenStreetAmenitiesTests.swift */,
				229B32A7203455CA0098E456 /* Info.plist */,
				22D1387C20386A2A0077E457 /* ApiClientTests.swift */,
				22D1388020388D8E0077E457 /* AmenityRequestTests.swift */,
			);
			path = OpenStreetAmenitiesTests;
			sourceTree = "<group>";
		};
		229B32B0203457AC0098E456 /* Frameworks */ = {
			isa = PBXGroup;
			children = (
				22D13879203862940077E457 /* OHHTTPStubs.framework */,
				22801B722036DFC800D4C2D2 /* RxBlocking.framework */,
				22801B712036DFC800D4C2D2 /* RxTest.framework */,
				22801B6C2036DFA100D4C2D2 /* RxCocoa.framework */,
				22801B6A2036DF8300D4C2D2 /* RxSwift.framework */,
				229B32B1203457AC0098E456 /* Nimble.framework */,
				229B32B2203457AC0098E456 /* Quick.framework */,
			);
			name = Frameworks;
			sourceTree = "<group>";
		};
/* End PBXGroup section */

/* Begin PBXNativeTarget section */
		229B328C203455CA0098E456 /* OpenStreetAmenities */ = {
			isa = PBXNativeTarget;
			buildConfigurationList = 229B32AA203455CA0098E456 /* Build configuration list for PBXNativeTarget "OpenStreetAmenities" */;
			buildPhases = (
				229B3289203455CA0098E456 /* Sources */,
				229B328A203455CA0098E456 /* Frameworks */,
				229B328B203455CA0098E456 /* Resources */,
				22801B6E2036DFA700D4C2D2 /* CopyFiles */,
			);
			buildRules = (
			);
			dependencies = (
			);
			name = OpenStreetAmenities;
			productName = OpenStreetAmenities;
			productReference = 229B328D203455CA0098E456 /* OpenStreetAmenities.app */;
			productType = "com.apple.product-type.application";
		};
		229B32A0203455CA0098E456 /* OpenStreetAmenitiesTests */ = {
			isa = PBXNativeTarget;
			buildConfigurationList = 229B32AD203455CA0098E456 /* Build configuration list for PBXNativeTarget "OpenStreetAmenitiesTests" */;
			buildPhases = (
				229B329D203455CA0098E456 /* Sources */,
				229B329E203455CA0098E456 /* Frameworks */,
				229B329F203455CA0098E456 /* Resources */,
				229B32B5203457C50098E456 /* CopyFiles */,
			);
			buildRules = (
			);
			dependencies = (
				229B32A3203455CA0098E456 /* PBXTargetDependency */,
			);
			name = OpenStreetAmenitiesTests;
			productName = OpenStreetAmenitiesTests;
			productReference = 229B32A1203455CA0098E456 /* OpenStreetAmenitiesTests.xctest */;
			productType = "com.apple.product-type.bundle.unit-test";
		};
/* End PBXNativeTarget section */

/* Begin PBXProject section */
		229B3285203455C90098E456 /* Project object */ = {
			isa = PBXProject;
			attributes = {
				LastSwiftUpdateCheck = 0920;
				LastUpgradeCheck = 0920;
				ORGANIZATIONNAME = OpenStreetAmenities;
				TargetAttributes = {
					229B328C203455CA0098E456 = {
						CreatedOnToolsVersion = 9.2;
						ProvisioningStyle = Automatic;
					};
					229B32A0203455CA0098E456 = {
						CreatedOnToolsVersion = 9.2;
						ProvisioningStyle = Automatic;
					};
				};
			};
			buildConfigurationList = 229B3288203455C90098E456 /* Build configuration list for PBXProject "OpenStreetAmenities" */;
			compatibilityVersion = "Xcode 8.0";
			developmentRegion = en;
			hasScannedForEncodings = 0;
			knownRegions = (
				en,
				Base,
			);
			mainGroup = 229B3284203455C90098E456;
			productRefGroup = 229B328E203455CA0098E456 /* Products */;
			projectDirPath = "";
			projectRoot = "";
			targets = (
				229B328C203455CA0098E456 /* OpenStreetAmenities */,
				229B32A0203455CA0098E456 /* OpenStreetAmenitiesTests */,
			);
		};
/* End PBXProject section */

/* Begin PBXResourcesBuildPhase section */
		229B328B203455CA0098E456 /* Resources */ = {
			isa = PBXResourcesBuildPhase;
			buildActionMask = 2147483647;
			files = (
				22801B562035BEC400D4C2D2 /* Main.storyboard in Resources */,
				22801B552035BEC400D4C2D2 /* LaunchScreen.storyboard in Resources */,
				229B3298203455CA0098E456 /* Assets.xcassets in Resources */,
			);
			runOnlyForDeploymentPostprocessing = 0;
		};
		229B329F203455CA0098E456 /* Resources */ = {
			isa = PBXResourcesBuildPhase;
			buildActionMask = 2147483647;
			files = (
				22D1387F20386D3D0077E457 /* stubbedRepsonse.json in Resources */,
			);
			runOnlyForDeploymentPostprocessing = 0;
		};
/* End PBXResourcesBuildPhase section */

/* Begin PBXSourcesBuildPhase section */
		229B3289203455CA0098E456 /* Sources */ = {
			isa = PBXSourcesBuildPhase;
			buildActionMask = 2147483647;
			files = (
				22801B5E2035E40A00D4C2D2 /* AmentityResource.swift in Sources */,
				22801B5C2035E10C00D4C2D2 /* NetworkRequestProviding.swift in Sources */,
				22801B632035E4EB00D4C2D2 /* RawOSMData.swift in Sources */,
				229B3293203455CA0098E456 /* ViewController.swift in Sources */,
				22801B3E2035B20100D4C2D2 /* LocationManagerConfigurable.swift in Sources */,
				229B32BC203460AE0098E456 /* LocationProvider.swift in Sources */,
				22801B672036209C00D4C2D2 /* Location.swift in Sources */,
				229B3291203455CA0098E456 /* AppDelegate.swift in Sources */,
				22801B5A2035E07800D4C2D2 /* ApiResourceProviding.swift in Sources */,
				22801B652035E59300D4C2D2 /* NetworkReqeustProvidingExtension.swift in Sources */,
				229B32BA203459660098E456 /* AmenityViewModel.swift in Sources */,
				22801B3C2035B1E000D4C2D2 /* LocationProvidable.swift in Sources */,
				22801B602035E48200D4C2D2 /* AmenityRequest.swift in Sources */,
				22801B412035B25500D4C2D2 /* CLLocationManagerExtension.swift in Sources */,
			);
			runOnlyForDeploymentPostprocessing = 0;
		};
		229B329D203455CA0098E456 /* Sources */ = {
			isa = PBXSourcesBuildPhase;
			buildActionMask = 2147483647;
			files = (
				22D13890203AD0D30077E457 /* OpenStreetAmenitiesTests.swift in Sources */,
				22801B3A2035B0F100D4C2D2 /* LocationMocks.swift in Sources */,
				22D1388D203A1A2A0077E457 /* AmenityViewModel.swift in Sources */,
				22D13886203A1A040077E457 /* NetworkReqeustProvidingExtension.swift in Sources */,
				22D1388C203A1A080077E457 /* Location.swift in Sources */,
				22D13889203A1A040077E457 /* NetworkRequestProviding.swift in Sources */,
				22D13887203A1A040077E457 /* LocationProvidable.swift in Sources */,
				22D1388A203A1A040077E457 /* ApiResourceProviding.swift in Sources */,
				22801B692036D9D700D4C2D2 /* AmenityMocks.swift in Sources */,
				22D1388B203A1A080077E457 /* RawOSMData.swift in Sources */,
				22D1387D20386A2A0077E457 /* ApiClientTests.swift in Sources */,
				22D13884203A19FE0077E457 /* AmentityResource.swift in Sources */,
				22D13888203A1A040077E457 /* LocationManagerConfigurable.swift in Sources */,
				22D1388120388D8E0077E457 /* AmenityRequestTests.swift in Sources */,
				22D13882203A19450077E457 /* AmenityRequest.swift in Sources */,
				22D13883203A19FE0077E457 /* LocationProvider.swift in Sources */,
				22D13885203A1A040077E457 /* CLLocationManagerExtension.swift in Sources */,
			);
			runOnlyForDeploymentPostprocessing = 0;
		};
/* End PBXSourcesBuildPhase section */

/* Begin PBXTargetDependency section */
		229B32A3203455CA0098E456 /* PBXTargetDependency */ = {
			isa = PBXTargetDependency;
			target = 229B328C203455CA0098E456 /* OpenStreetAmenities */;
			targetProxy = 229B32A2203455CA0098E456 /* PBXContainerItemProxy */;
		};
/* End PBXTargetDependency section */

/* Begin XCBuildConfiguration section */
		229B32A8203455CA0098E456 /* Debug */ = {
			isa = XCBuildConfiguration;
			buildSettings = {
				ALWAYS_SEARCH_USER_PATHS = NO;
				CLANG_ANALYZER_NONNULL = YES;
				CLANG_ANALYZER_NUMBER_OBJECT_CONVERSION = YES_AGGRESSIVE;
				CLANG_CXX_LANGUAGE_STANDARD = "gnu++14";
				CLANG_CXX_LIBRARY = "libc++";
				CLANG_ENABLE_MODULES = YES;
				CLANG_ENABLE_OBJC_ARC = YES;
				CLANG_WARN_BLOCK_CAPTURE_AUTORELEASING = YES;
				CLANG_WARN_BOOL_CONVERSION = YES;
				CLANG_WARN_COMMA = YES;
				CLANG_WARN_CONSTANT_CONVERSION = YES;
				CLANG_WARN_DIRECT_OBJC_ISA_USAGE = YES_ERROR;
				CLANG_WARN_DOCUMENTATION_COMMENTS = YES;
				CLANG_WARN_EMPTY_BODY = YES;
				CLANG_WARN_ENUM_CONVERSION = YES;
				CLANG_WARN_INFINITE_RECURSION = YES;
				CLANG_WARN_INT_CONVERSION = YES;
				CLANG_WARN_NON_LITERAL_NULL_CONVERSION = YES;
				CLANG_WARN_OBJC_LITERAL_CONVERSION = YES;
				CLANG_WARN_OBJC_ROOT_CLASS = YES_ERROR;
				CLANG_WARN_RANGE_LOOP_ANALYSIS = YES;
				CLANG_WARN_STRICT_PROTOTYPES = YES;
				CLANG_WARN_SUSPICIOUS_MOVE = YES;
				CLANG_WARN_UNGUARDED_AVAILABILITY = YES_AGGRESSIVE;
				CLANG_WARN_UNREACHABLE_CODE = YES;
				CLANG_WARN__DUPLICATE_METHOD_MATCH = YES;
				CODE_SIGN_IDENTITY = "iPhone Developer";
				COPY_PHASE_STRIP = NO;
				DEBUG_INFORMATION_FORMAT = dwarf;
				ENABLE_STRICT_OBJC_MSGSEND = YES;
				ENABLE_TESTABILITY = YES;
				GCC_C_LANGUAGE_STANDARD = gnu11;
				GCC_DYNAMIC_NO_PIC = NO;
				GCC_NO_COMMON_BLOCKS = YES;
				GCC_OPTIMIZATION_LEVEL = 0;
				GCC_PREPROCESSOR_DEFINITIONS = (
					"DEBUG=1",
					"$(inherited)",
				);
				GCC_WARN_64_TO_32_BIT_CONVERSION = YES;
				GCC_WARN_ABOUT_RETURN_TYPE = YES_ERROR;
				GCC_WARN_UNDECLARED_SELECTOR = YES;
				GCC_WARN_UNINITIALIZED_AUTOS = YES_AGGRESSIVE;
				GCC_WARN_UNUSED_FUNCTION = YES;
				GCC_WARN_UNUSED_VARIABLE = YES;
				IPHONEOS_DEPLOYMENT_TARGET = 11.2;
				MTL_ENABLE_DEBUG_INFO = YES;
				ONLY_ACTIVE_ARCH = YES;
				SDKROOT = iphoneos;
				SWIFT_ACTIVE_COMPILATION_CONDITIONS = DEBUG;
				SWIFT_OPTIMIZATION_LEVEL = "-Onone";
			};
			name = Debug;
		};
		229B32A9203455CA0098E456 /* Release */ = {
			isa = XCBuildConfiguration;
			buildSettings = {
				ALWAYS_SEARCH_USER_PATHS = NO;
				CLANG_ANALYZER_NONNULL = YES;
				CLANG_ANALYZER_NUMBER_OBJECT_CONVERSION = YES_AGGRESSIVE;
				CLANG_CXX_LANGUAGE_STANDARD = "gnu++14";
				CLANG_CXX_LIBRARY = "libc++";
				CLANG_ENABLE_MODULES = YES;
				CLANG_ENABLE_OBJC_ARC = YES;
				CLANG_WARN_BLOCK_CAPTURE_AUTORELEASING = YES;
				CLANG_WARN_BOOL_CONVERSION = YES;
				CLANG_WARN_COMMA = YES;
				CLANG_WARN_CONSTANT_CONVERSION = YES;
				CLANG_WARN_DIRECT_OBJC_ISA_USAGE = YES_ERROR;
				CLANG_WARN_DOCUMENTATION_COMMENTS = YES;
				CLANG_WARN_EMPTY_BODY = YES;
				CLANG_WARN_ENUM_CONVERSION = YES;
				CLANG_WARN_INFINITE_RECURSION = YES;
				CLANG_WARN_INT_CONVERSION = YES;
				CLANG_WARN_NON_LITERAL_NULL_CONVERSION = YES;
				CLANG_WARN_OBJC_LITERAL_CONVERSION = YES;
				CLANG_WARN_OBJC_ROOT_CLASS = YES_ERROR;
				CLANG_WARN_RANGE_LOOP_ANALYSIS = YES;
				CLANG_WARN_STRICT_PROTOTYPES = YES;
				CLANG_WARN_SUSPICIOUS_MOVE = YES;
				CLANG_WARN_UNGUARDED_AVAILABILITY = YES_AGGRESSIVE;
				CLANG_WARN_UNREACHABLE_CODE = YES;
				CLANG_WARN__DUPLICATE_METHOD_MATCH = YES;
				CODE_SIGN_IDENTITY = "iPhone Developer";
				COPY_PHASE_STRIP = NO;
				DEBUG_INFORMATION_FORMAT = "dwarf-with-dsym";
				ENABLE_NS_ASSERTIONS = NO;
				ENABLE_STRICT_OBJC_MSGSEND = YES;
				GCC_C_LANGUAGE_STANDARD = gnu11;
				GCC_NO_COMMON_BLOCKS = YES;
				GCC_WARN_64_TO_32_BIT_CONVERSION = YES;
				GCC_WARN_ABOUT_RETURN_TYPE = YES_ERROR;
				GCC_WARN_UNDECLARED_SELECTOR = YES;
				GCC_WARN_UNINITIALIZED_AUTOS = YES_AGGRESSIVE;
				GCC_WARN_UNUSED_FUNCTION = YES;
				GCC_WARN_UNUSED_VARIABLE = YES;
				IPHONEOS_DEPLOYMENT_TARGET = 11.2;
				MTL_ENABLE_DEBUG_INFO = NO;
				SDKROOT = iphoneos;
				SWIFT_OPTIMIZATION_LEVEL = "-Owholemodule";
				VALIDATE_PRODUCT = YES;
			};
			name = Release;
		};
		229B32AB203455CA0098E456 /* Debug */ = {
			isa = XCBuildConfiguration;
			buildSettings = {
				ASSETCATALOG_COMPILER_APPICON_NAME = AppIcon;
				CODE_SIGN_STYLE = Automatic;
				DEVELOPMENT_TEAM = CWXKC246LH;
				FRAMEWORK_SEARCH_PATHS = (
					"$(inherited)",
					"$(PROJECT_DIR)/Carthage/Build/iOS",
				);
				INFOPLIST_FILE = OpenStreetAmenities/Info.plist;
				LD_RUNPATH_SEARCH_PATHS = "$(inherited) @executable_path/Frameworks";
				PRODUCT_BUNDLE_IDENTIFIER = de.sam.OpenStreetAmenities;
				PRODUCT_NAME = "$(TARGET_NAME)";
				SWIFT_VERSION = 4.0;
				TARGETED_DEVICE_FAMILY = "1,2";
			};
			name = Debug;
		};
		229B32AC203455CA0098E456 /* Release */ = {
			isa = XCBuildConfiguration;
			buildSettings = {
				ASSETCATALOG_COMPILER_APPICON_NAME = AppIcon;
				CODE_SIGN_STYLE = Automatic;
				DEVELOPMENT_TEAM = CWXKC246LH;
				FRAMEWORK_SEARCH_PATHS = (
					"$(inherited)",
					"$(PROJECT_DIR)/Carthage/Build/iOS",
				);
				INFOPLIST_FILE = OpenStreetAmenities/Info.plist;
				LD_RUNPATH_SEARCH_PATHS = "$(inherited) @executable_path/Frameworks";
				PRODUCT_BUNDLE_IDENTIFIER = de.sam.OpenStreetAmenities;
				PRODUCT_NAME = "$(TARGET_NAME)";
				SWIFT_VERSION = 4.0;
				TARGETED_DEVICE_FAMILY = "1,2";
			};
			name = Release;
		};
		229B32AE203455CA0098E456 /* Debug */ = {
			isa = XCBuildConfiguration;
			buildSettings = {
				ALWAYS_EMBED_SWIFT_STANDARD_LIBRARIES = YES;
				CODE_SIGN_STYLE = Automatic;
				DEVELOPMENT_TEAM = CWXKC246LH;
				FRAMEWORK_SEARCH_PATHS = (
					"$(inherited)",
					"$(PROJECT_DIR)/Carthage/Build/iOS",
				);
				INFOPLIST_FILE = OpenStreetAmenitiesTests/Info.plist;
				LD_RUNPATH_SEARCH_PATHS = "$(inherited) @executable_path/Frameworks @loader_path/Frameworks";
				PRODUCT_BUNDLE_IDENTIFIER = de.sam.OpenStreetAmenitiesTests;
				PRODUCT_NAME = "$(TARGET_NAME)";
				SWIFT_VERSION = 4.0;
				TARGETED_DEVICE_FAMILY = "1,2";
			};
			name = Debug;
		};
		229B32AF203455CA0098E456 /* Release */ = {
			isa = XCBuildConfiguration;
			buildSettings = {
				ALWAYS_EMBED_SWIFT_STANDARD_LIBRARIES = YES;
				CODE_SIGN_STYLE = Automatic;
				DEVELOPMENT_TEAM = CWXKC246LH;
				FRAMEWORK_SEARCH_PATHS = (
					"$(inherited)",
					"$(PROJECT_DIR)/Carthage/Build/iOS",
				);
				INFOPLIST_FILE = OpenStreetAmenitiesTests/Info.plist;
				LD_RUNPATH_SEARCH_PATHS = "$(inherited) @executable_path/Frameworks @loader_path/Frameworks";
				PRODUCT_BUNDLE_IDENTIFIER = de.sam.OpenStreetAmenitiesTests;
				PRODUCT_NAME = "$(TARGET_NAME)";
				SWIFT_VERSION = 4.0;
				TARGETED_DEVICE_FAMILY = "1,2";
			};
			name = Release;
		};
/* End XCBuildConfiguration section */

/* Begin XCConfigurationList section */
		229B3288203455C90098E456 /* Build configuration list for PBXProject "OpenStreetAmenities" */ = {
			isa = XCConfigurationList;
			buildConfigurations = (
				229B32A8203455CA0098E456 /* Debug */,
				229B32A9203455CA0098E456 /* Release */,
			);
			defaultConfigurationIsVisible = 0;
			defaultConfigurationName = Release;
		};
		229B32AA203455CA0098E456 /* Build configuration list for PBXNativeTarget "OpenStreetAmenities" */ = {
			isa = XCConfigurationList;
			buildConfigurations = (
				229B32AB203455CA0098E456 /* Debug */,
				229B32AC203455CA0098E456 /* Release */,
			);
			defaultConfigurationIsVisible = 0;
			defaultConfigurationName = Release;
		};
		229B32AD203455CA0098E456 /* Build configuration list for PBXNativeTarget "OpenStreetAmenitiesTests" */ = {
			isa = XCConfigurationList;
			buildConfigurations = (
				229B32AE203455CA0098E456 /* Debug */,
				229B32AF203455CA0098E456 /* Release */,
			);
			defaultConfigurationIsVisible = 0;
			defaultConfigurationName = Release;
		};
/* End XCConfigurationList section */
	};
	rootObject = 229B3285203455C90098E456 /* Project object */;
}
